// !$*UTF8*$!
{
	archiveVersion = 1;
	classes = {
	};
	objectVersion = 56;
	objects = {

/* Begin PBXBuildFile section */
		4665E0EE2C0F217F002FC044 /* Weather_AppApp.swift in Sources */ = {isa = PBXBuildFile; fileRef = 4665E0ED2C0F217F002FC044 /* Weather_AppApp.swift */; };
		4665E0F02C0F217F002FC044 /* ContentView.swift in Sources */ = {isa = PBXBuildFile; fileRef = 4665E0EF2C0F217F002FC044 /* ContentView.swift */; };
		4665E0F22C0F2180002FC044 /* Assets.xcassets in Resources */ = {isa = PBXBuildFile; fileRef = 4665E0F12C0F2180002FC044 /* Assets.xcassets */; };
		4665E0F52C0F2180002FC044 /* Preview Assets.xcassets in Resources */ = {isa = PBXBuildFile; fileRef = 4665E0F42C0F2180002FC044 /* Preview Assets.xcassets */; };
		4665E1002C0F2734002FC044 /* LocationManager.swift in Sources */ = {isa = PBXBuildFile; fileRef = 4665E0FF2C0F2734002FC044 /* LocationManager.swift */; };
		4665E1022C0F28CE002FC044 /* WelcomeView.swift in Sources */ = {isa = PBXBuildFile; fileRef = 4665E1012C0F28CE002FC044 /* WelcomeView.swift */; };
		4665E1042C0F2BEB002FC044 /* LoadingView.swift in Sources */ = {isa = PBXBuildFile; fileRef = 4665E1032C0F2BEB002FC044 /* LoadingView.swift */; };
		4665E1062C0F2DD0002FC044 /* WeatherManager.swift in Sources */ = {isa = PBXBuildFile; fileRef = 4665E1052C0F2DD0002FC044 /* WeatherManager.swift */; };
		4665E1082C0F32B3002FC044 /* WeatherView.swift in Sources */ = {isa = PBXBuildFile; fileRef = 4665E1072C0F32B2002FC044 /* WeatherView.swift */; };
		4665E10A2C0F332D002FC044 /* ModalData.swift in Sources */ = {isa = PBXBuildFile; fileRef = 4665E1092C0F332D002FC044 /* ModalData.swift */; };
		4665E10C2C0F3360002FC044 /* weatherData.json in Resources */ = {isa = PBXBuildFile; fileRef = 4665E10B2C0F3360002FC044 /* weatherData.json */; };
		4665E10E2C0F3F17002FC044 /* Extensions.swift in Sources */ = {isa = PBXBuildFile; fileRef = 4665E10D2C0F3F17002FC044 /* Extensions.swift */; };
		4665E1112C0F48E1002FC044 /* WeatherRow.swift in Sources */ = {isa = PBXBuildFile; fileRef = 4665E1102C0F48E1002FC044 /* WeatherRow.swift */; };
/* End PBXBuildFile section */

/* Begin PBXFileReference section */
		4665E0EA2C0F217F002FC044 /* Weather App.app */ = {isa = PBXFileReference; explicitFileType = wrapper.application; includeInIndex = 0; path = "Weather App.app"; sourceTree = BUILT_PRODUCTS_DIR; };
		4665E0ED2C0F217F002FC044 /* Weather_AppApp.swift */ = {isa = PBXFileReference; lastKnownFileType = sourcecode.swift; path = Weather_AppApp.swift; sourceTree = "<group>"; };
		4665E0EF2C0F217F002FC044 /* ContentView.swift */ = {isa = PBXFileReference; lastKnownFileType = sourcecode.swift; path = ContentView.swift; sourceTree = "<group>"; };
		4665E0F12C0F2180002FC044 /* Assets.xcassets */ = {isa = PBXFileReference; lastKnownFileType = folder.assetcatalog; path = Assets.xcassets; sourceTree = "<group>"; };
		4665E0F42C0F2180002FC044 /* Preview Assets.xcassets */ = {isa = PBXFileReference; lastKnownFileType = folder.assetcatalog; path = "Preview Assets.xcassets"; sourceTree = "<group>"; };
		4665E0FF2C0F2734002FC044 /* LocationManager.swift */ = {isa = PBXFileReference; lastKnownFileType = sourcecode.swift; path = LocationManager.swift; sourceTree = "<group>"; };
		4665E1012C0F28CE002FC044 /* WelcomeView.swift */ = {isa = PBXFileReference; lastKnownFileType = sourcecode.swift; path = WelcomeView.swift; sourceTree = "<group>"; };
		4665E1032C0F2BEB002FC044 /* LoadingView.swift */ = {isa = PBXFileReference; lastKnownFileType = sourcecode.swift; path = LoadingView.swift; sourceTree = "<group>"; };
		4665E1052C0F2DD0002FC044 /* WeatherManager.swift */ = {isa = PBXFileReference; lastKnownFileType = sourcecode.swift; path = WeatherManager.swift; sourceTree = "<group>"; };
		4665E1072C0F32B2002FC044 /* WeatherView.swift */ = {isa = PBXFileReference; lastKnownFileType = sourcecode.swift; path = WeatherView.swift; sourceTree = "<group>"; };
		4665E1092C0F332D002FC044 /* ModalData.swift */ = {isa = PBXFileReference; lastKnownFileType = sourcecode.swift; path = ModalData.swift; sourceTree = "<group>"; };
		4665E10B2C0F3360002FC044 /* weatherData.json */ = {isa = PBXFileReference; lastKnownFileType = text.json; path = weatherData.json; sourceTree = "<group>"; };
		4665E10D2C0F3F17002FC044 /* Extensions.swift */ = {isa = PBXFileReference; lastKnownFileType = sourcecode.swift; path = Extensions.swift; sourceTree = "<group>"; };
		4665E1102C0F48E1002FC044 /* WeatherRow.swift */ = {isa = PBXFileReference; lastKnownFileType = sourcecode.swift; path = WeatherRow.swift; sourceTree = "<group>"; };
		4665E1142C0F4CFF002FC044 /* Weather-App-Info.plist */ = {isa = PBXFileReference; lastKnownFileType = text.plist; path = "Weather-App-Info.plist"; sourceTree = SOURCE_ROOT; };
/* End PBXFileReference section */

/* Begin PBXFrameworksBuildPhase section */
		4665E0E72C0F217F002FC044 /* Frameworks */ = {
			isa = PBXFrameworksBuildPhase;
			buildActionMask = 2147483647;
			files = (
			);
			runOnlyForDeploymentPostprocessing = 0;
		};
/* End PBXFrameworksBuildPhase section */

/* Begin PBXGroup section */
		4665E0E12C0F217F002FC044 = {
			isa = PBXGroup;
			children = (
				4665E0EC2C0F217F002FC044 /* Weather App */,
				4665E0EB2C0F217F002FC044 /* Products */,
			);
			sourceTree = "<group>";
		};
		4665E0EB2C0F217F002FC044 /* Products */ = {
			isa = PBXGroup;
			children = (
				4665E0EA2C0F217F002FC044 /* Weather App.app */,
			);
			name = Products;
			sourceTree = "<group>";
		};
		4665E0EC2C0F217F002FC044 /* Weather App */ = {
			isa = PBXGroup;
			children = (
				4665E1142C0F4CFF002FC044 /* Weather-App-Info.plist */,
				4665E0ED2C0F217F002FC044 /* Weather_AppApp.swift */,
				4665E0FE2C0F26AB002FC044 /* Views */,
				4665E10F2C0F48AA002FC044 /* Components */,
				4665E0FB2C0F21E8002FC044 /* Manager */,
				4665E0F12C0F2180002FC044 /* Assets.xcassets */,
				4665E0F32C0F2180002FC044 /* Preview Content */,
				4665E10D2C0F3F17002FC044 /* Extensions.swift */,
			);
			path = "Weather App";
			sourceTree = "<group>";
		};
		4665E0F32C0F2180002FC044 /* Preview Content */ = {
			isa = PBXGroup;
			children = (
				4665E0F42C0F2180002FC044 /* Preview Assets.xcassets */,
				4665E1092C0F332D002FC044 /* ModalData.swift */,
				4665E10B2C0F3360002FC044 /* weatherData.json */,
			);
			path = "Preview Content";
			sourceTree = "<group>";
		};
		4665E0FB2C0F21E8002FC044 /* Manager */ = {
			isa = PBXGroup;
			children = (
				4665E0FF2C0F2734002FC044 /* LocationManager.swift */,
				4665E1052C0F2DD0002FC044 /* WeatherManager.swift */,
			);
			path = Manager;
			sourceTree = "<group>";
		};
		4665E0FE2C0F26AB002FC044 /* Views */ = {
			isa = PBXGroup;
			children = (
				4665E0EF2C0F217F002FC044 /* ContentView.swift */,
				4665E1012C0F28CE002FC044 /* WelcomeView.swift */,
				4665E1032C0F2BEB002FC044 /* LoadingView.swift */,
				4665E1072C0F32B2002FC044 /* WeatherView.swift */,
			);
			path = Views;
			sourceTree = "<group>";
		};
		4665E10F2C0F48AA002FC044 /* Components */ = {
			isa = PBXGroup;
			children = (
				4665E1102C0F48E1002FC044 /* WeatherRow.swift */,
			);
			path = Components;
			sourceTree = "<group>";
		};
/* End PBXGroup section */

/* Begin PBXNativeTarget section */
		4665E0E92C0F217F002FC044 /* Weather App */ = {
			isa = PBXNativeTarget;
			buildConfigurationList = 4665E0F82C0F2180002FC044 /* Build configuration list for PBXNativeTarget "Weather App" */;
			buildPhases = (
				4665E0E62C0F217F002FC044 /* Sources */,
				4665E0E72C0F217F002FC044 /* Frameworks */,
				4665E0E82C0F217F002FC044 /* Resources */,
			);
			buildRules = (
			);
			dependencies = (
			);
			name = "Weather App";
			productName = "Weather App";
			productReference = 4665E0EA2C0F217F002FC044 /* Weather App.app */;
			productType = "com.apple.product-type.application";
		};
/* End PBXNativeTarget section */

/* Begin PBXProject section */
		4665E0E22C0F217F002FC044 /* Project object */ = {
			isa = PBXProject;
			attributes = {
				BuildIndependentTargetsInParallel = 1;
				LastSwiftUpdateCheck = 1540;
				LastUpgradeCheck = 1540;
				TargetAttributes = {
					4665E0E92C0F217F002FC044 = {
						CreatedOnToolsVersion = 15.4;
					};
				};
			};
			buildConfigurationList = 4665E0E52C0F217F002FC044 /* Build configuration list for PBXProject "Weather App" */;
			compatibilityVersion = "Xcode 14.0";
			developmentRegion = en;
			hasScannedForEncodings = 0;
			knownRegions = (
				en,
				Base,
			);
			mainGroup = 4665E0E12C0F217F002FC044;
			productRefGroup = 4665E0EB2C0F217F002FC044 /* Products */;
			projectDirPath = "";
			projectRoot = "";
			targets = (
				4665E0E92C0F217F002FC044 /* Weather App */,
			);
		};
/* End PBXProject section */

/* Begin PBXResourcesBuildPhase section */
		4665E0E82C0F217F002FC044 /* Resources */ = {
			isa = PBXResourcesBuildPhase;
			buildActionMask = 2147483647;
			files = (
				4665E0F52C0F2180002FC044 /* Preview Assets.xcassets in Resources */,
				4665E10C2C0F3360002FC044 /* weatherData.json in Resources */,
				4665E0F22C0F2180002FC044 /* Assets.xcassets in Resources */,
			);
			runOnlyForDeploymentPostprocessing = 0;
		};
/* End PBXResourcesBuildPhase section */

/* Begin PBXSourcesBuildPhase section */
		4665E0E62C0F217F002FC044 /* Sources */ = {
			isa = PBXSourcesBuildPhase;
			buildActionMask = 2147483647;
			files = (
				4665E1062C0F2DD0002FC044 /* WeatherManager.swift in Sources */,
				4665E10E2C0F3F17002FC044 /* Extensions.swift in Sources */,
				4665E10A2C0F332D002FC044 /* ModalData.swift in Sources */,
				4665E0F02C0F217F002FC044 /* ContentView.swift in Sources */,
				4665E0EE2C0F217F002FC044 /* Weather_AppApp.swift in Sources */,
				4665E1112C0F48E1002FC044 /* WeatherRow.swift in Sources */,
				4665E1002C0F2734002FC044 /* LocationManager.swift in Sources */,
				4665E1042C0F2BEB002FC044 /* LoadingView.swift in Sources */,
				4665E1082C0F32B3002FC044 /* WeatherView.swift in Sources */,
				4665E1022C0F28CE002FC044 /* WelcomeView.swift in Sources */,
			);
			runOnlyForDeploymentPostprocessing = 0;
		};
/* End PBXSourcesBuildPhase section */

/* Begin XCBuildConfiguration section */
		4665E0F62C0F2180002FC044 /* Debug */ = {
			isa = XCBuildConfiguration;
			buildSettings = {
				ALWAYS_SEARCH_USER_PATHS = NO;
				ASSETCATALOG_COMPILER_GENERATE_SWIFT_ASSET_SYMBOL_EXTENSIONS = YES;
				CLANG_ANALYZER_NONNULL = YES;
				CLANG_ANALYZER_NUMBER_OBJECT_CONVERSION = YES_AGGRESSIVE;
				CLANG_CXX_LANGUAGE_STANDARD = "gnu++20";
				CLANG_ENABLE_MODULES = YES;
				CLANG_ENABLE_OBJC_ARC = YES;
				CLANG_ENABLE_OBJC_WEAK = YES;
				CLANG_WARN_BLOCK_CAPTURE_AUTORELEASING = YES;
				CLANG_WARN_BOOL_CONVERSION = YES;
				CLANG_WARN_COMMA = YES;
				CLANG_WARN_CONSTANT_CONVERSION = YES;
				CLANG_WARN_DEPRECATED_OBJC_IMPLEMENTATIONS = YES;
				CLANG_WARN_DIRECT_OBJC_ISA_USAGE = YES_ERROR;
				CLANG_WARN_DOCUMENTATION_COMMENTS = YES;
				CLANG_WARN_EMPTY_BODY = YES;
				CLANG_WARN_ENUM_CONVERSION = YES;
				CLANG_WARN_INFINITE_RECURSION = YES;
				CLANG_WARN_INT_CONVERSION = YES;
				CLANG_WARN_NON_LITERAL_NULL_CONVERSION = YES;
				CLANG_WARN_OBJC_IMPLICIT_RETAIN_SELF = YES;
				CLANG_WARN_OBJC_LITERAL_CONVERSION = YES;
				CLANG_WARN_OBJC_ROOT_CLASS = YES_ERROR;
				CLANG_WARN_QUOTED_INCLUDE_IN_FRAMEWORK_HEADER = YES;
				CLANG_WARN_RANGE_LOOP_ANALYSIS = YES;
				CLANG_WARN_STRICT_PROTOTYPES = YES;
				CLANG_WARN_SUSPICIOUS_MOVE = YES;
				CLANG_WARN_UNGUARDED_AVAILABILITY = YES_AGGRESSIVE;
				CLANG_WARN_UNREACHABLE_CODE = YES;
				CLANG_WARN__DUPLICATE_METHOD_MATCH = YES;
				COPY_PHASE_STRIP = NO;
				DEBUG_INFORMATION_FORMAT = dwarf;
				ENABLE_STRICT_OBJC_MSGSEND = YES;
				ENABLE_TESTABILITY = YES;
				ENABLE_USER_SCRIPT_SANDBOXING = YES;
				GCC_C_LANGUAGE_STANDARD = gnu17;
				GCC_DYNAMIC_NO_PIC = NO;
				GCC_NO_COMMON_BLOCKS = YES;
				GCC_OPTIMIZATION_LEVEL = 0;
				GCC_PREPROCESSOR_DEFINITIONS = (
					"DEBUG=1",
					"$(inherited)",
				);
				GCC_WARN_64_TO_32_BIT_CONVERSION = YES;
				GCC_WARN_ABOUT_RETURN_TYPE = YES_ERROR;
				GCC_WARN_UNDECLARED_SELECTOR = YES;
				GCC_WARN_UNINITIALIZED_AUTOS = YES_AGGRESSIVE;
				GCC_WARN_UNUSED_FUNCTION = YES;
				GCC_WARN_UNUSED_VARIABLE = YES;
				IPHONEOS_DEPLOYMENT_TARGET = 17.5;
				LOCALIZATION_PREFERS_STRING_CATALOGS = YES;
				MTL_ENABLE_DEBUG_INFO = INCLUDE_SOURCE;
				MTL_FAST_MATH = YES;
				ONLY_ACTIVE_ARCH = YES;
				SDKROOT = iphoneos;
				SWIFT_ACTIVE_COMPILATION_CONDITIONS = "DEBUG $(inherited)";
				SWIFT_OPTIMIZATION_LEVEL = "-Onone";
			};
			name = Debug;
		};
		4665E0F72C0F2180002FC044 /* Release */ = {
			isa = XCBuildConfiguration;
			buildSettings = {
				ALWAYS_SEARCH_USER_PATHS = NO;
				ASSETCATALOG_COMPILER_GENERATE_SWIFT_ASSET_SYMBOL_EXTENSIONS = YES;
				CLANG_ANALYZER_NONNULL = YES;
				CLANG_ANALYZER_NUMBER_OBJECT_CONVERSION = YES_AGGRESSIVE;
				CLANG_CXX_LANGUAGE_STANDARD = "gnu++20";
				CLANG_ENABLE_MODULES = YES;
				CLANG_ENABLE_OBJC_ARC = YES;
				CLANG_ENABLE_OBJC_WEAK = YES;
				CLANG_WARN_BLOCK_CAPTURE_AUTORELEASING = YES;
				CLANG_WARN_BOOL_CONVERSION = YES;
				CLANG_WARN_COMMA = YES;
				CLANG_WARN_CONSTANT_CONVERSION = YES;
				CLANG_WARN_DEPRECATED_OBJC_IMPLEMENTATIONS = YES;
				CLANG_WARN_DIRECT_OBJC_ISA_USAGE = YES_ERROR;
				CLANG_WARN_DOCUMENTATION_COMMENTS = YES;
				CLANG_WARN_EMPTY_BODY = YES;
				CLANG_WARN_ENUM_CONVERSION = YES;
				CLANG_WARN_INFINITE_RECURSION = YES;
				CLANG_WARN_INT_CONVERSION = YES;
				CLANG_WARN_NON_LITERAL_NULL_CONVERSION = YES;
				CLANG_WARN_OBJC_IMPLICIT_RETAIN_SELF = YES;
				CLANG_WARN_OBJC_LITERAL_CONVERSION = YES;
				CLANG_WARN_OBJC_ROOT_CLASS = YES_ERROR;
				CLANG_WARN_QUOTED_INCLUDE_IN_FRAMEWORK_HEADER = YES;
				CLANG_WARN_RANGE_LOOP_ANALYSIS = YES;
				CLANG_WARN_STRICT_PROTOTYPES = YES;
				CLANG_WARN_SUSPICIOUS_MOVE = YES;
				CLANG_WARN_UNGUARDED_AVAILABILITY = YES_AGGRESSIVE;
				CLANG_WARN_UNREACHABLE_CODE = YES;
				CLANG_WARN__DUPLICATE_METHOD_MATCH = YES;
				COPY_PHASE_STRIP = NO;
				DEBUG_INFORMATION_FORMAT = "dwarf-with-dsym";
				ENABLE_NS_ASSERTIONS = NO;
				ENABLE_STRICT_OBJC_MSGSEND = YES;
				ENABLE_USER_SCRIPT_SANDBOXING = YES;
				GCC_C_LANGUAGE_STANDARD = gnu17;
				GCC_NO_COMMON_BLOCKS = YES;
				GCC_WARN_64_TO_32_BIT_CONVERSION = YES;
				GCC_WARN_ABOUT_RETURN_TYPE = YES_ERROR;
				GCC_WARN_UNDECLARED_SELECTOR = YES;
				GCC_WARN_UNINITIALIZED_AUTOS = YES_AGGRESSIVE;
				GCC_WARN_UNUSED_FUNCTION = YES;
				GCC_WARN_UNUSED_VARIABLE = YES;
				IPHONEOS_DEPLOYMENT_TARGET = 17.5;
				LOCALIZATION_PREFERS_STRING_CATALOGS = YES;
				MTL_ENABLE_DEBUG_INFO = NO;
				MTL_FAST_MATH = YES;
				SDKROOT = iphoneos;
				SWIFT_COMPILATION_MODE = wholemodule;
				VALIDATE_PRODUCT = YES;
			};
			name = Release;
		};
		4665E0F92C0F2180002FC044 /* Debug */ = {
			isa = XCBuildConfiguration;
			buildSettings = {
				ASSETCATALOG_COMPILER_APPICON_NAME = AppIcon;
				ASSETCATALOG_COMPILER_GLOBAL_ACCENT_COLOR_NAME = AccentColor;
				CODE_SIGN_STYLE = Automatic;
				CURRENT_PROJECT_VERSION = 1;
				DEVELOPMENT_ASSET_PATHS = "\"Weather App/Preview Content\"";
				DEVELOPMENT_TEAM = 4FU3RXR748;
				ENABLE_PREVIEWS = YES;
				GENERATE_INFOPLIST_FILE = YES;
				INFOPLIST_FILE = "Weather-App-Info.plist";
				INFOPLIST_KEY_UIApplicationSceneManifest_Generation = YES;
				INFOPLIST_KEY_UIApplicationSupportsIndirectInputEvents = YES;
				INFOPLIST_KEY_UILaunchScreen_Generation = YES;
				INFOPLIST_KEY_UISupportedInterfaceOrientations_iPad = "UIInterfaceOrientationPortrait UIInterfaceOrientationPortraitUpsideDown UIInterfaceOrientationLandscapeLeft UIInterfaceOrientationLandscapeRight";
				INFOPLIST_KEY_UISupportedInterfaceOrientations_iPhone = "UIInterfaceOrientationPortrait UIInterfaceOrientationLandscapeLeft UIInterfaceOrientationLandscapeRight";
				LD_RUNPATH_SEARCH_PATHS = (
					"$(inherited)",
					"@executable_path/Frameworks",
				);
				MARKETING_VERSION = 1.0;
				PRODUCT_BUNDLE_IDENTIFIER = "infosys.Weather-App";
				PRODUCT_NAME = "$(TARGET_NAME)";
				SWIFT_EMIT_LOC_STRINGS = YES;
				SWIFT_VERSION = 5.0;
				TARGETED_DEVICE_FAMILY = "1,2";
			};
			name = Debug;
		};
		4665E0FA2C0F2180002FC044 /* Release */ = {
			isa = XCBuildConfiguration;
			buildSettings = {
				ASSETCATALOG_COMPILER_APPICON_NAME = AppIcon;
				ASSETCATALOG_COMPILER_GLOBAL_ACCENT_COLOR_NAME = AccentColor;
				CODE_SIGN_STYLE = Automatic;
				CURRENT_PROJECT_VERSION = 1;
				DEVELOPMENT_ASSET_PATHS = "\"Weather App/Preview Content\"";
				DEVELOPMENT_TEAM = 4FU3RXR748;
				ENABLE_PREVIEWS = YES;
				GENERATE_INFOPLIST_FILE = YES;
				INFOPLIST_FILE = "Weather-App-Info.plist";
				INFOPLIST_KEY_UIApplicationSceneManifest_Generation = YES;
				INFOPLIST_KEY_UIApplicationSupportsIndirectInputEvents = YES;
				INFOPLIST_KEY_UILaunchScreen_Generation = YES;
				INFOPLIST_KEY_UISupportedInterfaceOrientations_iPad = "UIInterfaceOrientationPortrait UIInterfaceOrientationPortraitUpsideDown UIInterfaceOrientationLandscapeLeft UIInterfaceOrientationLandscapeRight";
				INFOPLIST_KEY_UISupportedInterfaceOrientations_iPhone = "UIInterfaceOrientationPortrait UIInterfaceOrientationLandscapeLeft UIInterfaceOrientationLandscapeRight";
				LD_RUNPATH_SEARCH_PATHS = (
					"$(inherited)",
					"@executable_path/Frameworks",
				);
				MARKETING_VERSION = 1.0;
				PRODUCT_BUNDLE_IDENTIFIER = "infosys.Weather-App";
				PRODUCT_NAME = "$(TARGET_NAME)";
				SWIFT_EMIT_LOC_STRINGS = YES;
				SWIFT_VERSION = 5.0;
				TARGETED_DEVICE_FAMILY = "1,2";
			};
			name = Release;
		};
/* End XCBuildConfiguration section */

/* Begin XCConfigurationList section */
		4665E0E52C0F217F002FC044 /* Build configuration list for PBXProject "Weather App" */ = {
			isa = XCConfigurationList;
			buildConfigurations = (
				4665E0F62C0F2180002FC044 /* Debug */,
				4665E0F72C0F2180002FC044 /* Release */,
			);
			defaultConfigurationIsVisible = 0;
			defaultConfigurationName = Release;
		};
		4665E0F82C0F2180002FC044 /* Build configuration list for PBXNativeTarget "Weather App" */ = {
			isa = XCConfigurationList;
			buildConfigurations = (
				4665E0F92C0F2180002FC044 /* Debug */,
				4665E0FA2C0F2180002FC044 /* Release */,
			);
			defaultConfigurationIsVisible = 0;
			defaultConfigurationName = Release;
		};
/* End XCConfigurationList section */
	};
	rootObject = 4665E0E22C0F217F002FC044 /* Project object */;
}
